
Microsoft Visual Studio Solution File, Format Version 12.00
# Visual Studio Version 17
VisualStudioVersion = 17.14.36121.58 d17.14
MinimumVisualStudioVersion = 10.0.40219.1
Project("{8BC9CEB8-8B4A-11D0-8D11-00A0C91BC942}") = "file_indexer_console_opps", "file_indexer_console_opps\file_indexer_console_opps.vcxproj", "{DA3F0860-8D14-4ED6-87FC-6C1D8BE1330D}"
EndProject
Global
	GlobalSection(SolutionConfigurationPlatforms) = preSolution
		Debug|x64 = Debug|x64
		Debug|x86 = Debug|x86
		Release|x64 = Release|x64
		Release|x86 = Release|x86
	EndGlobalSection
	GlobalSection(ProjectConfigurationPlatforms) = postSolution
		{DA3F0860-8D14-4ED6-87FC-6C1D8BE1330D}.Debug|x64.ActiveCfg = Debug|x64
		{DA3F0860-8D14-4ED6-87FC-6C1D8BE1330D}.Debug|x64.Build.0 = Debug|x64
		{DA3F0860-8D14-4ED6-87FC-6C1D8BE1330D}.Debug|x86.ActiveCfg = Debug|Win32
		{DA3F0860-8D14-4ED6-87FC-6C1D8BE1330D}.Debug|x86.Build.0 = Debug|Win32
		{DA3F0860-8D14-4ED6-87FC-6C1D8BE1330D}.Release|x64.ActiveCfg = Release|x64
		{DA3F0860-8D14-4ED6-87FC-6C1D8BE1330D}.Release|x64.Build.0 = Release|x64
		{DA3F0860-8D14-4ED6-87FC-6C1D8BE1330D}.Release|x86.ActiveCfg = Release|Win32
		{DA3F0860-8D14-4ED6-87FC-6C1D8BE1330D}.Release|x86.Build.0 = Release|Win32
	EndGlobalSection
	GlobalSection(SolutionProperties) = preSolution
		HideSolutionNode = FALSE
	EndGlobalSection
	GlobalSection(ExtensibilityGlobals) = postSolution
		SolutionGuid = {4F86EB06-16C5-44A1-BDAA-803FBA4C2A67}
	EndGlobalSection
EndGlobal
